// !$*UTF8*$!
{
	archiveVersion = 1;
	classes = {
	};
	objectVersion = 50;
	objects = {

/* Begin PBXBuildFile section */
		4208BAF1260CFA1F00EBFBCF /* ResultView.swift in Sources */ = {isa = PBXBuildFile; fileRef = 4208BAF0260CFA1F00EBFBCF /* ResultView.swift */; };
		4210A6F0260AEB1600B8CFF7 /* My_BMIApp.swift in Sources */ = {isa = PBXBuildFile; fileRef = 4210A6EF260AEB1600B8CFF7 /* My_BMIApp.swift */; };
		4210A6F2260AEB1600B8CFF7 /* BMIView.swift in Sources */ = {isa = PBXBuildFile; fileRef = 4210A6F1260AEB1600B8CFF7 /* BMIView.swift */; };
		4210A6F4260AEB1700B8CFF7 /* Assets.xcassets in Resources */ = {isa = PBXBuildFile; fileRef = 4210A6F3260AEB1700B8CFF7 /* Assets.xcassets */; };
		4210A6F7260AEB1700B8CFF7 /* Preview Assets.xcassets in Resources */ = {isa = PBXBuildFile; fileRef = 4210A6F6260AEB1700B8CFF7 /* Preview Assets.xcassets */; };
		4210A704260AEB9700B8CFF7 /* BMI.swift in Sources */ = {isa = PBXBuildFile; fileRef = 4210A702260AEB9700B8CFF7 /* BMI.swift */; };
		4210A705260AEB9700B8CFF7 /* BMICalculator.swift in Sources */ = {isa = PBXBuildFile; fileRef = 4210A703260AEB9700B8CFF7 /* BMICalculator.swift */; };
		426A5C1C2633540C00F79D14 /* DetailView.swift in Sources */ = {isa = PBXBuildFile; fileRef = 426A5C1B2633540C00F79D14 /* DetailView.swift */; };
/* End PBXBuildFile section */

/* Begin PBXFileReference section */
		4208BAF0260CFA1F00EBFBCF /* ResultView.swift */ = {isa = PBXFileReference; lastKnownFileType = sourcecode.swift; path = ResultView.swift; sourceTree = "<group>"; };
		4210A6EC260AEB1600B8CFF7 /* My BMI.app */ = {isa = PBXFileReference; explicitFileType = wrapper.application; includeInIndex = 0; path = "My BMI.app"; sourceTree = BUILT_PRODUCTS_DIR; };
		4210A6EF260AEB1600B8CFF7 /* My_BMIApp.swift */ = {isa = PBXFileReference; lastKnownFileType = sourcecode.swift; path = My_BMIApp.swift; sourceTree = "<group>"; };
		4210A6F1260AEB1600B8CFF7 /* BMIView.swift */ = {isa = PBXFileReference; lastKnownFileType = sourcecode.swift; path = BMIView.swift; sourceTree = "<group>"; };
		4210A6F3260AEB1700B8CFF7 /* Assets.xcassets */ = {isa = PBXFileReference; lastKnownFileType = folder.assetcatalog; path = Assets.xcassets; sourceTree = "<group>"; };
		4210A6F6260AEB1700B8CFF7 /* Preview Assets.xcassets */ = {isa = PBXFileReference; lastKnownFileType = folder.assetcatalog; path = "Preview Assets.xcassets"; sourceTree = "<group>"; };
		4210A6F8260AEB1700B8CFF7 /* Info.plist */ = {isa = PBXFileReference; lastKnownFileType = text.plist.xml; path = Info.plist; sourceTree = "<group>"; };
		4210A702260AEB9700B8CFF7 /* BMI.swift */ = {isa = PBXFileReference; fileEncoding = 4; lastKnownFileType = sourcecode.swift; path = BMI.swift; sourceTree = "<group>"; };
		4210A703260AEB9700B8CFF7 /* BMICalculator.swift */ = {isa = PBXFileReference; fileEncoding = 4; lastKnownFileType = sourcecode.swift; path = BMICalculator.swift; sourceTree = "<group>"; };
		426A5C1B2633540C00F79D14 /* DetailView.swift */ = {isa = PBXFileReference; lastKnownFileType = sourcecode.swift; path = DetailView.swift; sourceTree = "<group>"; };
/* End PBXFileReference section */

/* Begin PBXFrameworksBuildPhase section */
		4210A6E9260AEB1600B8CFF7 /* Frameworks */ = {
			isa = PBXFrameworksBuildPhase;
			buildActionMask = 2147483647;
			files = (
			);
			runOnlyForDeploymentPostprocessing = 0;
		};
/* End PBXFrameworksBuildPhase section */

/* Begin PBXGroup section */
		4210A6E3260AEB1600B8CFF7 = {
			isa = PBXGroup;
			children = (
				4210A6EE260AEB1600B8CFF7 /* My BMI */,
				4210A6ED260AEB1600B8CFF7 /* Products */,
			);
			sourceTree = "<group>";
		};
		4210A6ED260AEB1600B8CFF7 /* Products */ = {
			isa = PBXGroup;
			children = (
				4210A6EC260AEB1600B8CFF7 /* My BMI.app */,
			);
			name = Products;
			sourceTree = "<group>";
		};
		4210A6EE260AEB1600B8CFF7 /* My BMI */ = {
			isa = PBXGroup;
			children = (
				4210A6EF260AEB1600B8CFF7 /* My_BMIApp.swift */,
				4210A700260AEB7600B8CFF7 /* Model */,
				4210A701260AEB7E00B8CFF7 /* View */,
				4210A6F3260AEB1700B8CFF7 /* Assets.xcassets */,
				4210A6F8260AEB1700B8CFF7 /* Info.plist */,
				4210A6F5260AEB1700B8CFF7 /* Preview Content */,
			);
			path = "My BMI";
			sourceTree = "<group>";
		};
		4210A6F5260AEB1700B8CFF7 /* Preview Content */ = {
			isa = PBXGroup;
			children = (
				4210A6F6260AEB1700B8CFF7 /* Preview Assets.xcassets */,
			);
			path = "Preview Content";
			sourceTree = "<group>";
		};
		4210A700260AEB7600B8CFF7 /* Model */ = {
			isa = PBXGroup;
			children = (
				4210A702260AEB9700B8CFF7 /* BMI.swift */,
				4210A703260AEB9700B8CFF7 /* BMICalculator.swift */,
			);
			path = Model;
			sourceTree = "<group>";
		};
		4210A701260AEB7E00B8CFF7 /* View */ = {
			isa = PBXGroup;
			children = (
				4210A6F1260AEB1600B8CFF7 /* BMIView.swift */,
				4208BAF0260CFA1F00EBFBCF /* ResultView.swift */,
				426A5C1B2633540C00F79D14 /* DetailView.swift */,
			);
			path = View;
			sourceTree = "<group>";
		};
/* End PBXGroup section */

/* Begin PBXNativeTarget section */
		4210A6EB260AEB1600B8CFF7 /* My BMI */ = {
			isa = PBXNativeTarget;
			buildConfigurationList = 4210A6FB260AEB1700B8CFF7 /* Build configuration list for PBXNativeTarget "My BMI" */;
			buildPhases = (
				4210A6E8260AEB1600B8CFF7 /* Sources */,
				4210A6E9260AEB1600B8CFF7 /* Frameworks */,
				4210A6EA260AEB1600B8CFF7 /* Resources */,
			);
			buildRules = (
			);
			dependencies = (
			);
			name = "My BMI";
			productName = "My BMI";
			productReference = 4210A6EC260AEB1600B8CFF7 /* My BMI.app */;
			productType = "com.apple.product-type.application";
		};
/* End PBXNativeTarget section */

/* Begin PBXProject section */
		4210A6E4260AEB1600B8CFF7 /* Project object */ = {
			isa = PBXProject;
			attributes = {
				LastSwiftUpdateCheck = 1240;
				LastUpgradeCheck = 1240;
				TargetAttributes = {
					4210A6EB260AEB1600B8CFF7 = {
						CreatedOnToolsVersion = 12.4;
					};
				};
			};
			buildConfigurationList = 4210A6E7260AEB1600B8CFF7 /* Build configuration list for PBXProject "My BMI" */;
			compatibilityVersion = "Xcode 9.3";
			developmentRegion = en;
			hasScannedForEncodings = 0;
			knownRegions = (
				en,
				Base,
			);
			mainGroup = 4210A6E3260AEB1600B8CFF7;
			productRefGroup = 4210A6ED260AEB1600B8CFF7 /* Products */;
			projectDirPath = "";
			projectRoot = "";
			targets = (
				4210A6EB260AEB1600B8CFF7 /* My BMI */,
			);
		};
/* End PBXProject section */

/* Begin PBXResourcesBuildPhase section */
		4210A6EA260AEB1600B8CFF7 /* Resources */ = {
			isa = PBXResourcesBuildPhase;
			buildActionMask = 2147483647;
			files = (
				4210A6F7260AEB1700B8CFF7 /* Preview Assets.xcassets in Resources */,
				4210A6F4260AEB1700B8CFF7 /* Assets.xcassets in Resources */,
			);
			runOnlyForDeploymentPostprocessing = 0;
		};
/* End PBXResourcesBuildPhase section */

/* Begin PBXSourcesBuildPhase section */
		4210A6E8260AEB1600B8CFF7 /* Sources */ = {
			isa = PBXSourcesBuildPhase;
			buildActionMask = 2147483647;
			files = (
				4210A6F2260AEB1600B8CFF7 /* BMIView.swift in Sources */,
				426A5C1C2633540C00F79D14 /* DetailView.swift in Sources */,
				4210A704260AEB9700B8CFF7 /* BMI.swift in Sources */,
				4208BAF1260CFA1F00EBFBCF /* ResultView.swift in Sources */,
				4210A705260AEB9700B8CFF7 /* BMICalculator.swift in Sources */,
				4210A6F0260AEB1600B8CFF7 /* My_BMIApp.swift in Sources */,
			);
			runOnlyForDeploymentPostprocessing = 0;
		};
/* End PBXSourcesBuildPhase section */

/* Begin XCBuildConfiguration section */
		4210A6F9260AEB1700B8CFF7 /* Debug */ = {
			isa = XCBuildConfiguration;
			buildSettings = {
				ALWAYS_SEARCH_USER_PATHS = NO;
				CLANG_ANALYZER_NONNULL = YES;
				CLANG_ANALYZER_NUMBER_OBJECT_CONVERSION = YES_AGGRESSIVE;
				CLANG_CXX_LANGUAGE_STANDARD = "gnu++14";
				CLANG_CXX_LIBRARY = "libc++";
				CLANG_ENABLE_MODULES = YES;
				CLANG_ENABLE_OBJC_ARC = YES;
				CLANG_ENABLE_OBJC_WEAK = YES;
				CLANG_WARN_BLOCK_CAPTURE_AUTORELEASING = YES;
				CLANG_WARN_BOOL_CONVERSION = YES;
				CLANG_WARN_COMMA = YES;
				CLANG_WARN_CONSTANT_CONVERSION = YES;
				CLANG_WARN_DEPRECATED_OBJC_IMPLEMENTATIONS = YES;
				CLANG_WARN_DIRECT_OBJC_ISA_USAGE = YES_ERROR;
				CLANG_WARN_DOCUMENTATION_COMMENTS = YES;
				CLANG_WARN_EMPTY_BODY = YES;
				CLANG_WARN_ENUM_CONVERSION = YES;
				CLANG_WARN_INFINITE_RECURSION = YES;
				CLANG_WARN_INT_CONVERSION = YES;
				CLANG_WARN_NON_LITERAL_NULL_CONVERSION = YES;
				CLANG_WARN_OBJC_IMPLICIT_RETAIN_SELF = YES;
				CLANG_WARN_OBJC_LITERAL_CONVERSION = YES;
				CLANG_WARN_OBJC_ROOT_CLASS = YES_ERROR;
				CLANG_WARN_QUOTED_INCLUDE_IN_FRAMEWORK_HEADER = YES;
				CLANG_WARN_RANGE_LOOP_ANALYSIS = YES;
				CLANG_WARN_STRICT_PROTOTYPES = YES;
				CLANG_WARN_SUSPICIOUS_MOVE = YES;
				CLANG_WARN_UNGUARDED_AVAILABILITY = YES_AGGRESSIVE;
				CLANG_WARN_UNREACHABLE_CODE = YES;
				CLANG_WARN__DUPLICATE_METHOD_MATCH = YES;
				COPY_PHASE_STRIP = NO;
				DEBUG_INFORMATION_FORMAT = dwarf;
				ENABLE_STRICT_OBJC_MSGSEND = YES;
				ENABLE_TESTABILITY = YES;
				GCC_C_LANGUAGE_STANDARD = gnu11;
				GCC_DYNAMIC_NO_PIC = NO;
				GCC_NO_COMMON_BLOCKS = YES;
				GCC_OPTIMIZATION_LEVEL = 0;
				GCC_PREPROCESSOR_DEFINITIONS = (
					"DEBUG=1",
					"$(inherited)",
				);
				GCC_WARN_64_TO_32_BIT_CONVERSION = YES;
				GCC_WARN_ABOUT_RETURN_TYPE = YES_ERROR;
				GCC_WARN_UNDECLARED_SELECTOR = YES;
				GCC_WARN_UNINITIALIZED_AUTOS = YES_AGGRESSIVE;
				GCC_WARN_UNUSED_FUNCTION = YES;
				GCC_WARN_UNUSED_VARIABLE = YES;
				IPHONEOS_DEPLOYMENT_TARGET = 14.4;
				MTL_ENABLE_DEBUG_INFO = INCLUDE_SOURCE;
				MTL_FAST_MATH = YES;
				ONLY_ACTIVE_ARCH = YES;
				SDKROOT = iphoneos;
				SWIFT_ACTIVE_COMPILATION_CONDITIONS = DEBUG;
				SWIFT_OPTIMIZATION_LEVEL = "-Onone";
			};
			name = Debug;
		};
		4210A6FA260AEB1700B8CFF7 /* Release */ = {
			isa = XCBuildConfiguration;
			buildSettings = {
				ALWAYS_SEARCH_USER_PATHS = NO;
				CLANG_ANALYZER_NONNULL = YES;
				CLANG_ANALYZER_NUMBER_OBJECT_CONVERSION = YES_AGGRESSIVE;
				CLANG_CXX_LANGUAGE_STANDARD = "gnu++14";
				CLANG_CXX_LIBRARY = "libc++";
				CLANG_ENABLE_MODULES = YES;
				CLANG_ENABLE_OBJC_ARC = YES;
				CLANG_ENABLE_OBJC_WEAK = YES;
				CLANG_WARN_BLOCK_CAPTURE_AUTORELEASING = YES;
				CLANG_WARN_BOOL_CONVERSION = YES;
				CLANG_WARN_COMMA = YES;
				CLANG_WARN_CONSTANT_CONVERSION = YES;
				CLANG_WARN_DEPRECATED_OBJC_IMPLEMENTATIONS = YES;
				CLANG_WARN_DIRECT_OBJC_ISA_USAGE = YES_ERROR;
				CLANG_WARN_DOCUMENTATION_COMMENTS = YES;
				CLANG_WARN_EMPTY_BODY = YES;
				CLANG_WARN_ENUM_CONVERSION = YES;
				CLANG_WARN_INFINITE_RECURSION = YES;
				CLANG_WARN_INT_CONVERSION = YES;
				CLANG_WARN_NON_LITERAL_NULL_CONVERSION = YES;
				CLANG_WARN_OBJC_IMPLICIT_RETAIN_SELF = YES;
				CLANG_WARN_OBJC_LITERAL_CONVERSION = YES;
				CLANG_WARN_OBJC_ROOT_CLASS = YES_ERROR;
				CLANG_WARN_QUOTED_INCLUDE_IN_FRAMEWORK_HEADER = YES;
				CLANG_WARN_RANGE_LOOP_ANALYSIS = YES;
				CLANG_WARN_STRICT_PROTOTYPES = YES;
				CLANG_WARN_SUSPICIOUS_MOVE = YES;
				CLANG_WARN_UNGUARDED_AVAILABILITY = YES_AGGRESSIVE;
				CLANG_WARN_UNREACHABLE_CODE = YES;
				CLANG_WARN__DUPLICATE_METHOD_MATCH = YES;
				COPY_PHASE_STRIP = NO;
				DEBUG_INFORMATION_FORMAT = "dwarf-with-dsym";
				ENABLE_NS_ASSERTIONS = NO;
				ENABLE_STRICT_OBJC_MSGSEND = YES;
				GCC_C_LANGUAGE_STANDARD = gnu11;
				GCC_NO_COMMON_BLOCKS = YES;
				GCC_WARN_64_TO_32_BIT_CONVERSION = YES;
				GCC_WARN_ABOUT_RETURN_TYPE = YES_ERROR;
				GCC_WARN_UNDECLARED_SELECTOR = YES;
				GCC_WARN_UNINITIALIZED_AUTOS = YES_AGGRESSIVE;
				GCC_WARN_UNUSED_FUNCTION = YES;
				GCC_WARN_UNUSED_VARIABLE = YES;
				IPHONEOS_DEPLOYMENT_TARGET = 14.4;
				MTL_ENABLE_DEBUG_INFO = NO;
				MTL_FAST_MATH = YES;
				SDKROOT = iphoneos;
				SWIFT_COMPILATION_MODE = wholemodule;
				SWIFT_OPTIMIZATION_LEVEL = "-O";
				VALIDATE_PRODUCT = YES;
			};
			name = Release;
		};
		4210A6FC260AEB1700B8CFF7 /* Debug */ = {
			isa = XCBuildConfiguration;
			buildSettings = {
				ASSETCATALOG_COMPILER_APPICON_NAME = AppIcon;
				ASSETCATALOG_COMPILER_GLOBAL_ACCENT_COLOR_NAME = AccentColor;
				CODE_SIGN_STYLE = Automatic;
				CURRENT_PROJECT_VERSION = 3;
				DEVELOPMENT_ASSET_PATHS = "\"My BMI/Preview Content\"";
				DEVELOPMENT_TEAM = B3YHQ46LJ3;
				ENABLE_PREVIEWS = YES;
				INFOPLIST_FILE = "My BMI/Info.plist";
				IPHONEOS_DEPLOYMENT_TARGET = 14.1;
				LD_RUNPATH_SEARCH_PATHS = (
					"$(inherited)",
					"@executable_path/Frameworks",
				);
				MARKETING_VERSION = 2.0;
				PRODUCT_BUNDLE_IDENTIFIER = "com.joshuagajewski.My-BMI";
				PRODUCT_NAME = "$(TARGET_NAME)";
				SWIFT_VERSION = 5.0;
				TARGETED_DEVICE_FAMILY = "1,2";
			};
			name = Debug;
		};
		4210A6FD260AEB1700B8CFF7 /* Release */ = {
			isa = XCBuildConfiguration;
			buildSettings = {
				ASSETCATALOG_COMPILER_APPICON_NAME = AppIcon;
				ASSETCATALOG_COMPILER_GLOBAL_ACCENT_COLOR_NAME = AccentColor;
				CODE_SIGN_STYLE = Automatic;
				CURRENT_PROJECT_VERSION = 3;
				DEVELOPMENT_ASSET_PATHS = "\"My BMI/Preview Content\"";
				DEVELOPMENT_TEAM = B3YHQ46LJ3;
				ENABLE_PREVIEWS = YES;
				INFOPLIST_FILE = "My BMI/Info.plist";
				IPHONEOS_DEPLOYMENT_TARGET = 14.1;
				LD_RUNPATH_SEARCH_PATHS = (
					"$(inherited)",
					"@executable_path/Frameworks",
				);
				MARKETING_VERSION = 2.0;
				PRODUCT_BUNDLE_IDENTIFIER = "com.joshuagajewski.My-BMI";
				PRODUCT_NAME = "$(TARGET_NAME)";
				SWIFT_VERSION = 5.0;
				TARGETED_DEVICE_FAMILY = "1,2";
			};
			name = Release;
		};
/* End XCBuildConfiguration section */

/* Begin XCConfigurationList section */
		4210A6E7260AEB1600B8CFF7 /* Build configuration list for PBXProject "My BMI" */ = {
			isa = XCConfigurationList;
			buildConfigurations = (
				4210A6F9260AEB1700B8CFF7 /* Debug */,
				4210A6FA260AEB1700B8CFF7 /* Release */,
			);
			defaultConfigurationIsVisible = 0;
			defaultConfigurationName = Release;
		};
		4210A6FB260AEB1700B8CFF7 /* Build configuration list for PBXNativeTarget "My BMI" */ = {
			isa = XCConfigurationList;
			buildConfigurations = (
				4210A6FC260AEB1700B8CFF7 /* Debug */,
				4210A6FD260AEB1700B8CFF7 /* Release */,
			);
			defaultConfigurationIsVisible = 0;
			defaultConfigurationName = Release;
		};
/* End XCConfigurationList section */
	};
	rootObject = 4210A6E4260AEB1600B8CFF7 /* Project object */;
}
